{
    "_readme": [
        "This file locks the dependencies of your project to a known state",
        "Read more about it at https://getcomposer.org/doc/01-basic-usage.md#installing-dependencies",
        "This file is @generated automatically"
    ],
    "content-hash": "be35548c359823ad18be9e0cc121831b",
    "packages": [
        {
            "name": "codeigniter4/settings",
            "version": "v2.1.0",
            "source": {
                "type": "git",
                "url": "https://github.com/codeigniter4/settings.git",
                "reference": "0c3fbd5a474eeb592bef5550be2a6d2f73a8a09d"
            },
            "dist": {
                "type": "zip",
                "url": "https://api.github.com/repos/codeigniter4/settings/zipball/0c3fbd5a474eeb592bef5550be2a6d2f73a8a09d",
                "reference": "0c3fbd5a474eeb592bef5550be2a6d2f73a8a09d",
                "shasum": ""
            },
            "require": {
                "php": "^7.3 || ^8.0"
            },
            "require-dev": {
                "codeigniter/coding-standard": "^1.1",
                "codeigniter4/codeigniter4": "dev-develop",
                "fakerphp/faker": "^1.9",
                "mockery/mockery": "^1.0",
                "nexusphp/cs-config": "^3.1",
                "nexusphp/tachycardia": "^1.0",
                "php-coveralls/php-coveralls": "^2.4",
                "phpstan/phpstan": "^1.0",
                "phpunit/phpunit": "^9.0",
                "squizlabs/php_codesniffer": "^3.3"
            },
            "type": "library",
            "autoload": {
                "psr-4": {
                    "CodeIgniter\\Settings\\": "src"
                },
                "exclude-from-classmap": [
                    "**/Database/Migrations/**"
                ]
            },
            "notification-url": "https://packagist.org/downloads/",
            "license": [
                "MIT"
            ],
            "authors": [
                {
                    "name": "Lonnie Ezell",
                    "email": "lonnieje@gmail.com",
                    "role": "Developer"
                }
            ],
            "description": "Settings library for CodeIgniter 4",
            "homepage": "https://github.com/codeigniter4/settings",
            "keywords": [
                "Settings",
                "codeigniter",
                "codeigniter4"
            ],
            "time": "2021-11-22T17:30:18+00:00"
        },
        {
            "name": "codeigniter4/shield",
            "version": "dev-develop",
            "source": {
                "type": "git",
                "url": "https://github.com/codeigniter4/shield.git",
                "reference": "2670c3cda57b2ddf9bae2c55cc90d5a60dcdb888"
            },
            "dist": {
                "type": "zip",
                "url": "https://api.github.com/repos/codeigniter4/shield/zipball/2670c3cda57b2ddf9bae2c55cc90d5a60dcdb888",
                "reference": "2670c3cda57b2ddf9bae2c55cc90d5a60dcdb888",
                "shasum": ""
            },
            "require": {
                "codeigniter4/settings": "^2.1",
                "php": "^7.4.3 || ^8.0"
            },
            "provide": {
                "codeigniter4/authentication-implementation": "1.0"
            },
            "require-dev": {
                "codeigniter4/devkit": "^1.0",
                "codeigniter4/framework": "^4.2.7",
                "mikey179/vfsstream": "^1.6.7",
                "mockery/mockery": "^1.0"
            },
            "suggest": {
                "ext-curl": "Required to use the password validation rule via PwnedValidator class."
            },
            "type": "library",
            "autoload": {
                "files": [
                    "src/Helpers/auth_helper.php",
                    "src/Helpers/email_helper.php"
                ],
                "psr-4": {
                    "CodeIgniter\\Shield\\": "src"
                },
                "exclude-from-classmap": [
                    "**/Database/Migrations/**"
                ]
            },
            "notification-url": "https://packagist.org/downloads/",
            "license": [
                "MIT"
            ],
            "authors": [
                {
                    "name": "Lonnie Ezell",
                    "email": "lonnieje@gmail.com",
                    "role": "Developer"
                }
            ],
            "description": "Authentication and Authorization for CodeIgniter 4",
            "homepage": "https://github.com/codeigniter4/shield",
            "keywords": [
                "Authentication",
                "authorization",
                "codeigniter",
                "codeigniter4"
            ],
            "time": "2023-02-19T05:25:27+00:00"
        }
    ],
    "packages-dev": [],
    "aliases": [],
    "minimum-stability": "stable",
    "stability-flags": {
        "codeigniter4/shield": 20
    },
    "prefer-stable": false,
    "prefer-lowest": false,
    "platform": [],
    "platform-dev": [],
    "plugin-api-version": "1.1.0"
}
